
Microsoft Visual Studio Solution File, Format Version 12.00
# Visual Studio 15
VisualStudioVersion = 15.0.27130.2010
MinimumVisualStudioVersion = 10.0.40219.1
Project("{9A19103F-16F7-4668-BE54-9A1E7A4F7556}") = "NetCoreExtensions", "NetCoreExtensions\NetCoreExtensions.csproj", "{1A690D50-0D23-4B51-98ED-CA8828D79DCD}"
EndProject
Project("{9A19103F-16F7-4668-BE54-9A1E7A4F7556}") = "NetCoreExtensions.Tests", "NetCoreExtensions.Tests\NetCoreExtensions.Tests.csproj", "{B5590DC3-B626-4830-A36E-CF821BF44529}"
EndProject
Project("{2150E333-8FDC-42A3-9474-1A3956D46DE8}") = "Solution Items", "Solution Items", "{BC885CEE-4B21-49EB-9188-B3BD578771C4}"
	ProjectSection(SolutionItems) = preProject
		appveyor.yml = appveyor.yml
		README.md = README.md
	EndProjectSection
EndProject
Global
	GlobalSection(SolutionConfigurationPlatforms) = preSolution
		Debug|Any CPU = Debug|Any CPU
		Release|Any CPU = Release|Any CPU
	EndGlobalSection
	GlobalSection(ProjectConfigurationPlatforms) = postSolution
		{1A690D50-0D23-4B51-98ED-CA8828D79DCD}.Debug|Any CPU.ActiveCfg = Debug|Any CPU
		{1A690D50-0D23-4B51-98ED-CA8828D79DCD}.Debug|Any CPU.Build.0 = Debug|Any CPU
		{1A690D50-0D23-4B51-98ED-CA8828D79DCD}.Release|Any CPU.ActiveCfg = Release|Any CPU
		{1A690D50-0D23-4B51-98ED-CA8828D79DCD}.Release|Any CPU.Build.0 = Release|Any CPU
		{B5590DC3-B626-4830-A36E-CF821BF44529}.Debug|Any CPU.ActiveCfg = Debug|Any CPU
		{B5590DC3-B626-4830-A36E-CF821BF44529}.Debug|Any CPU.Build.0 = Debug|Any CPU
		{B5590DC3-B626-4830-A36E-CF821BF44529}.Release|Any CPU.ActiveCfg = Release|Any CPU
		{B5590DC3-B626-4830-A36E-CF821BF44529}.Release|Any CPU.Build.0 = Release|Any CPU
	EndGlobalSection
	GlobalSection(SolutionProperties) = preSolution
		HideSolutionNode = FALSE
	EndGlobalSection
	GlobalSection(ExtensibilityGlobals) = postSolution
		SolutionGuid = {C31DE783-F87D-4D57-8114-065F305AFEEA}
	EndGlobalSection
EndGlobal
